{
  "name": "vuu-websocket",
  "version": "1.0.0",
  "lockfileVersion": 2,
  "requires": true,
  "packages": {
    "": {
      "name": "vuu-websocket",
      "version": "1.0.0",
      "license": "ISC",
      "dependencies": {
        "@vuu-ui/vuu-utils": "^0.8.10-debug",
        "pure-uuid": "^1.8.1",
        "uWebSockets.js": "git+https://github.com/uNetworking/uWebSockets.js.git#semver:^20.32.0"
      },
      "devDependencies": {
        "@vuu-ui/vuu-protocol-types": "^0.8.10",
        "bun-types": "^1.0.6"
      }
    },
    "node_modules/@vuu-ui/vuu-protocol-types": {
      "version": "0.8.10",
      "resolved": "https://registry.npmjs.org/@vuu-ui/vuu-protocol-types/-/vuu-protocol-types-0.8.10.tgz",
      "integrity": "sha512-ER11fiXYX573XWBAezS815/S/JLP/J+us9KMyfZodxkos984RE42ccTC/h1a4QsgtLh1+sQM/UmDZWR7TBkM4w==",
      "dev": true
    },
    "node_modules/@vuu-ui/vuu-utils": {
      "version": "0.8.10-debug",
      "resolved": "https://registry.npmjs.org/@vuu-ui/vuu-utils/-/vuu-utils-0.8.10-debug.tgz",
      "integrity": "sha512-zpwvBhnElWqNcVqLkAiOCC0WlyatYwZoGW0Q7JNyzqcgU32z/0rM1+WtFOHM6V12elJx/BCAsUSeeQ+3ioPhTQ==",
      "peerDependencies": {
        "react": "^17.0.2",
        "react-dom": "^17.0.2"
      }
    },
    "node_modules/bun-types": {
      "version": "1.0.6",
      "resolved": "https://registry.npmjs.org/bun-types/-/bun-types-1.0.6.tgz",
      "integrity": "sha512-5QwynfXiRCRxPW3ZnC0Dv+sHHmctP4SHIuzsRKOWYO0HF/qUpsxQVexoviaxpmwDsF1hoVDDFdc4xUuafOzx1g==",
      "dev": true
    },
    "node_modules/js-tokens": {
      "version": "4.0.0",
      "resolved": "https://registry.npmjs.org/js-tokens/-/js-tokens-4.0.0.tgz",
      "integrity": "sha512-RdJUflcE3cUzKiMqQgsCu06FPu9UdIJO0beYbPhHN4k6apgJtifcoCtT9bcxOpYBtpD2kCM6Sbzg4CausW/PKQ==",
      "peer": true
    },
    "node_modules/loose-envify": {
      "version": "1.4.0",
      "resolved": "https://registry.npmjs.org/loose-envify/-/loose-envify-1.4.0.tgz",
      "integrity": "sha512-lyuxPGr/Wfhrlem2CL/UcnUc1zcqKAImBDzukY7Y5F/yQiNdko6+fRLevlw1HgMySw7f611UIY408EtxRSoK3Q==",
      "peer": true,
      "dependencies": {
        "js-tokens": "^3.0.0 || ^4.0.0"
      },
      "bin": {
        "loose-envify": "cli.js"
      }
    },
    "node_modules/object-assign": {
      "version": "4.1.1",
      "resolved": "https://registry.npmjs.org/object-assign/-/object-assign-4.1.1.tgz",
      "integrity": "sha512-rJgTQnkUnH1sFw8yT6VSU3zD3sWmu6sZhIseY8VX+GRu3P6F7Fu+JNDoXfklElbLJSnc3FUQHVe4cU5hj+BcUg==",
      "peer": true,
      "engines": {
        "node": ">=0.10.0"
      }
    },
    "node_modules/pure-uuid": {
      "version": "1.8.1",
      "resolved": "https://registry.npmjs.org/pure-uuid/-/pure-uuid-1.8.1.tgz",
      "integrity": "sha512-PIwHXU7NZb/wTBwUfzCSjI85tfwx6DQOm74sRLtNLH8KHsFZEvAQbBQdz7E5ij8SNSv9WGdQPWiiM6NpNIeNfA==",
      "engines": {
        "node": ">=8.0.0"
      }
    },
    "node_modules/react": {
      "version": "17.0.2",
      "resolved": "https://registry.npmjs.org/react/-/react-17.0.2.tgz",
      "integrity": "sha512-gnhPt75i/dq/z3/6q/0asP78D0u592D5L1pd7M8P+dck6Fu/jJeL6iVVK23fptSUZj8Vjf++7wXA8UNclGQcbA==",
      "peer": true,
      "dependencies": {
        "loose-envify": "^1.1.0",
        "object-assign": "^4.1.1"
      },
      "engines": {
        "node": ">=0.10.0"
      }
    },
    "node_modules/react-dom": {
      "version": "17.0.2",
      "resolved": "https://registry.npmjs.org/react-dom/-/react-dom-17.0.2.tgz",
      "integrity": "sha512-s4h96KtLDUQlsENhMn1ar8t2bEa+q/YAtj8pPPdIjPDGBDIVNsrD9aXNWqspUe6AzKCIG0C1HZZLqLV7qpOBGA==",
      "peer": true,
      "dependencies": {
        "loose-envify": "^1.1.0",
        "object-assign": "^4.1.1",
        "scheduler": "^0.20.2"
      },
      "peerDependencies": {
        "react": "17.0.2"
      }
    },
    "node_modules/scheduler": {
      "version": "0.20.2",
      "resolved": "https://registry.npmjs.org/scheduler/-/scheduler-0.20.2.tgz",
      "integrity": "sha512-2eWfGgAqqWFGqtdMmcL5zCMK1U8KlXv8SQFGglL3CEtd0aDVDWgeF/YoCmvln55m5zSk3J/20hTaSBeSObsQDQ==",
      "peer": true,
      "dependencies": {
        "loose-envify": "^1.1.0",
        "object-assign": "^4.1.1"
      }
    },
    "node_modules/uWebSockets.js": {
      "version": "20.32.0",
      "resolved": "git+ssh://git@github.com/uNetworking/uWebSockets.js.git#21c0e41a662c27bcc29b64f3e9d7f0bdaa6d7ee7",
      "license": "Apache-2.0"
    }
  },
  "dependencies": {
    "@vuu-ui/vuu-protocol-types": {
      "version": "0.8.10",
      "resolved": "https://registry.npmjs.org/@vuu-ui/vuu-protocol-types/-/vuu-protocol-types-0.8.10.tgz",
      "integrity": "sha512-ER11fiXYX573XWBAezS815/S/JLP/J+us9KMyfZodxkos984RE42ccTC/h1a4QsgtLh1+sQM/UmDZWR7TBkM4w==",
      "dev": true
    },
    "@vuu-ui/vuu-utils": {
      "version": "0.8.10-debug",
      "resolved": "https://registry.npmjs.org/@vuu-ui/vuu-utils/-/vuu-utils-0.8.10-debug.tgz",
      "integrity": "sha512-zpwvBhnElWqNcVqLkAiOCC0WlyatYwZoGW0Q7JNyzqcgU32z/0rM1+WtFOHM6V12elJx/BCAsUSeeQ+3ioPhTQ==",
      "requires": {}
    },
    "bun-types": {
      "version": "1.0.6",
      "resolved": "https://registry.npmjs.org/bun-types/-/bun-types-1.0.6.tgz",
      "integrity": "sha512-5QwynfXiRCRxPW3ZnC0Dv+sHHmctP4SHIuzsRKOWYO0HF/qUpsxQVexoviaxpmwDsF1hoVDDFdc4xUuafOzx1g==",
      "dev": true
    },
    "js-tokens": {
      "version": "4.0.0",
      "resolved": "https://registry.npmjs.org/js-tokens/-/js-tokens-4.0.0.tgz",
      "integrity": "sha512-RdJUflcE3cUzKiMqQgsCu06FPu9UdIJO0beYbPhHN4k6apgJtifcoCtT9bcxOpYBtpD2kCM6Sbzg4CausW/PKQ==",
      "peer": true
    },
    "loose-envify": {
      "version": "1.4.0",
      "resolved": "https://registry.npmjs.org/loose-envify/-/loose-envify-1.4.0.tgz",
      "integrity": "sha512-lyuxPGr/Wfhrlem2CL/UcnUc1zcqKAImBDzukY7Y5F/yQiNdko6+fRLevlw1HgMySw7f611UIY408EtxRSoK3Q==",
      "peer": true,
      "requires": {
        "js-tokens": "^3.0.0 || ^4.0.0"
      }
    },
    "object-assign": {
      "version": "4.1.1",
      "resolved": "https://registry.npmjs.org/object-assign/-/object-assign-4.1.1.tgz",
      "integrity": "sha512-rJgTQnkUnH1sFw8yT6VSU3zD3sWmu6sZhIseY8VX+GRu3P6F7Fu+JNDoXfklElbLJSnc3FUQHVe4cU5hj+BcUg==",
      "peer": true
    },
    "pure-uuid": {
      "version": "1.8.1",
      "resolved": "https://registry.npmjs.org/pure-uuid/-/pure-uuid-1.8.1.tgz",
      "integrity": "sha512-PIwHXU7NZb/wTBwUfzCSjI85tfwx6DQOm74sRLtNLH8KHsFZEvAQbBQdz7E5ij8SNSv9WGdQPWiiM6NpNIeNfA=="
    },
    "react": {
      "version": "17.0.2",
      "resolved": "https://registry.npmjs.org/react/-/react-17.0.2.tgz",
      "integrity": "sha512-gnhPt75i/dq/z3/6q/0asP78D0u592D5L1pd7M8P+dck6Fu/jJeL6iVVK23fptSUZj8Vjf++7wXA8UNclGQcbA==",
      "peer": true,
      "requires": {
        "loose-envify": "^1.1.0",
        "object-assign": "^4.1.1"
      }
    },
    "react-dom": {
      "version": "17.0.2",
      "resolved": "https://registry.npmjs.org/react-dom/-/react-dom-17.0.2.tgz",
      "integrity": "sha512-s4h96KtLDUQlsENhMn1ar8t2bEa+q/YAtj8pPPdIjPDGBDIVNsrD9aXNWqspUe6AzKCIG0C1HZZLqLV7qpOBGA==",
      "peer": true,
      "requires": {
        "loose-envify": "^1.1.0",
        "object-assign": "^4.1.1",
        "scheduler": "^0.20.2"
      }
    },
    "scheduler": {
      "version": "0.20.2",
      "resolved": "https://registry.npmjs.org/scheduler/-/scheduler-0.20.2.tgz",
      "integrity": "sha512-2eWfGgAqqWFGqtdMmcL5zCMK1U8KlXv8SQFGglL3CEtd0aDVDWgeF/YoCmvln55m5zSk3J/20hTaSBeSObsQDQ==",
      "peer": true,
      "requires": {
        "loose-envify": "^1.1.0",
        "object-assign": "^4.1.1"
      }
    },
    "uWebSockets.js": {
      "version": "git+ssh://git@github.com/uNetworking/uWebSockets.js.git#21c0e41a662c27bcc29b64f3e9d7f0bdaa6d7ee7",
      "from": "uWebSockets.js@git+https://github.com/uNetworking/uWebSockets.js.git#semver:^20.32.0"
    }
  }
}
