{
  "name": "vuu-websocket",
  "version": "1.0.0",
  "lockfileVersion": 3,
  "requires": true,
  "packages": {
    "": {
      "name": "vuu-websocket",
      "version": "1.0.0",
      "license": "ISC",
      "workspaces": [
        "packages/**"
      ],
      "dependencies": {
        "@vuu-ui/vuu-utils": "0.13.45",
        "pure-uuid": "^1.8.1"
      },
      "devDependencies": {
        "@types/bun": "1.3.3",
        "@vuu-ui/vuu-protocol-types": "0.13.45",
        "typescript": "^5.5.3"
      }
    },
    "node_modules/@duckdb/node-api": {
      "version": "1.1.3-alpha.12",
      "dev": true,
      "dependencies": {
        "@duckdb/node-bindings": "1.1.3-alpha.12"
      }
    },
    "node_modules/@duckdb/node-bindings": {
      "version": "1.1.3-alpha.12",
      "dev": true,
      "optionalDependencies": {
        "@duckdb/node-bindings-darwin-arm64": "1.1.3-alpha.12",
        "@duckdb/node-bindings-darwin-x64": "1.1.3-alpha.12",
        "@duckdb/node-bindings-linux-arm64": "1.1.3-alpha.12",
        "@duckdb/node-bindings-linux-x64": "1.1.3-alpha.12",
        "@duckdb/node-bindings-win32-x64": "1.1.3-alpha.12"
      }
    },
    "node_modules/@duckdb/node-bindings-darwin-arm64": {
      "version": "1.1.3-alpha.12",
      "cpu": [
        "arm64"
      ],
      "dev": true,
      "optional": true,
      "os": [
        "darwin"
      ]
    },
    "node_modules/@esbuild/darwin-arm64": {
      "version": "0.21.5",
      "cpu": [
        "arm64"
      ],
      "dev": true,
      "license": "MIT",
      "optional": true,
      "os": [
        "darwin"
      ],
      "engines": {
        "node": ">=12"
      }
    },
    "node_modules/@heswell/data": {
      "resolved": "packages/data",
      "link": true
    },
    "node_modules/@heswell/orders-service": {
      "resolved": "packages/orders-service",
      "link": true
    },
    "node_modules/@heswell/price-service": {
      "resolved": "packages/price-service",
      "link": true
    },
    "node_modules/@heswell/reference-data-service": {
      "resolved": "packages/reference-data-service",
      "link": true
    },
    "node_modules/@heswell/service-utils": {
      "resolved": "packages/service-utils",
      "link": true
    },
    "node_modules/@heswell/vuu-demo": {
      "resolved": "packages/vuu-demo",
      "link": true
    },
    "node_modules/@heswell/vuu-server": {
      "resolved": "packages/vuu-server",
      "link": true
    },
    "node_modules/@internationalized/date": {
      "version": "3.8.2",
      "license": "Apache-2.0",
      "peer": true,
      "dependencies": {
        "@swc/helpers": "^0.5.0"
      }
    },
    "node_modules/@lezer/common": {
      "version": "1.2.3",
      "resolved": "https://registry.npmjs.org/@lezer/common/-/common-1.2.3.tgz",
      "integrity": "sha512-w7ojc8ejBqr2REPsWxJjrMFsA/ysDCFICn8zEOR9mrqzOu2amhITYuLD8ag6XZf0CFXDrhKqw7+tW8cX66NaDA==",
      "license": "MIT"
    },
    "node_modules/@lezer/lr": {
      "version": "1.4.2",
      "resolved": "https://registry.npmjs.org/@lezer/lr/-/lr-1.4.2.tgz",
      "integrity": "sha512-pu0K1jCIdnQ12aWNaAVU5bzi7Bd1w54J3ECgANPmYLtQKP0HBj2cE/5coBD66MT10xbtIuUr7tg0Shbsvk0mDA==",
      "license": "MIT",
      "dependencies": {
        "@lezer/common": "^1.0.0"
      }
    },
    "node_modules/@rollup/rollup-darwin-arm64": {
      "version": "4.44.2",
      "cpu": [
        "arm64"
      ],
      "dev": true,
      "license": "MIT",
      "optional": true,
      "os": [
        "darwin"
      ]
    },
    "node_modules/@swc/helpers": {
      "version": "0.5.17",
      "license": "Apache-2.0",
      "peer": true,
      "dependencies": {
        "tslib": "^2.8.0"
      }
    },
    "node_modules/@types/bun": {
      "version": "1.3.3",
      "resolved": "https://registry.npmjs.org/@types/bun/-/bun-1.3.3.tgz",
      "integrity": "sha512-ogrKbJ2X5N0kWLLFKeytG0eHDleBYtngtlbu9cyBKFtNL3cnpDZkNdQj8flVf6WTZUX5ulI9AY1oa7ljhSrp+g==",
      "dev": true,
      "license": "MIT",
      "dependencies": {
        "bun-types": "1.3.3"
      }
    },
    "node_modules/@types/estree": {
      "version": "1.0.8",
      "dev": true,
      "license": "MIT"
    },
    "node_modules/@types/node": {
      "version": "24.0.12",
      "dev": true,
      "license": "MIT",
      "dependencies": {
        "undici-types": "~7.8.0"
      }
    },
    "node_modules/@vuu-ui/vuu-data-types": {
      "version": "0.13.45",
      "resolved": "https://registry.npmjs.org/@vuu-ui/vuu-data-types/-/vuu-data-types-0.13.45.tgz",
      "integrity": "sha512-qLJT3mdUttNAjg4wIdPsUPQujw9ClCX3nqEtwRUrFoqx54A+dFf+VDrubV2WDqm8LvWGDNqd754W+YhX2kPqtg==",
      "license": "Apache-2.0"
    },
    "node_modules/@vuu-ui/vuu-filter-parser": {
      "version": "0.13.45",
      "resolved": "https://registry.npmjs.org/@vuu-ui/vuu-filter-parser/-/vuu-filter-parser-0.13.45.tgz",
      "integrity": "sha512-g1m/4W5QzGjhJWou5guF8tceT1VFz1XBacsyQfvhsan5fEzIaHFK0sNMSb9K0e0IXLbVVooCxmKPPb+O6CgNhw==",
      "license": "Apache-2.0",
      "dependencies": {
        "@lezer/common": "^1.0.2",
        "@lezer/lr": "1.4.2",
        "@vuu-ui/vuu-data-types": "0.13.45",
        "@vuu-ui/vuu-filter-types": "0.13.45",
        "@vuu-ui/vuu-utils": "0.13.45"
      }
    },
    "node_modules/@vuu-ui/vuu-filter-types": {
      "version": "0.13.45",
      "resolved": "https://registry.npmjs.org/@vuu-ui/vuu-filter-types/-/vuu-filter-types-0.13.45.tgz",
      "integrity": "sha512-UL1zG4WcmeY5OkyejHvEBxwf71v3lCJTiG0NOQB+wu9KoSjBjxrA1NTZTS9Z3g2bj5ppS2T6OI1FkVViq6etxA==",
      "license": "Apache-2.0"
    },
    "node_modules/@vuu-ui/vuu-protocol-types": {
      "version": "0.13.45",
      "resolved": "https://registry.npmjs.org/@vuu-ui/vuu-protocol-types/-/vuu-protocol-types-0.13.45.tgz",
      "integrity": "sha512-K+y/F5ns2Ez32dXYXa/tqe/UnFi+zHIDg4ejIy4RQ9ZxH6/AZWisXWdmwc5pjXjequ1COB2WeNTaIUKZMVnlow==",
      "dev": true,
      "license": "Apache-2.0"
    },
    "node_modules/@vuu-ui/vuu-utils": {
      "version": "0.13.45",
      "resolved": "https://registry.npmjs.org/@vuu-ui/vuu-utils/-/vuu-utils-0.13.45.tgz",
      "integrity": "sha512-wqLPP9C4bIQxOb5S1s357Ay7JIkcTdf4rwJ6RfR5h6W/HOBIT7eohz63ksibHIQf1CuEdHpNOww39uBNfX5Zng==",
      "license": "Apache-2.0",
      "peerDependencies": {
        "@internationalized/date": "^3.0.0",
        "@vuu-ui/vuu-filter-parser": "0.13.45",
        "clsx": "^2.0.0",
        "react": "^19.1.0",
        "react-dom": "^19.1.0"
      }
    },
    "node_modules/atomic-sleep": {
      "version": "1.0.0",
      "license": "MIT",
      "engines": {
        "node": ">=8.0.0"
      }
    },
    "node_modules/bun-types": {
      "version": "1.3.3",
      "resolved": "https://registry.npmjs.org/bun-types/-/bun-types-1.3.3.tgz",
      "integrity": "sha512-z3Xwlg7j2l9JY27x5Qn3Wlyos8YAp0kKRlrePAOjgjMGS5IG6E7Jnlx736vH9UVI4wUICwwhC9anYL++XeOgTQ==",
      "dev": true,
      "license": "MIT",
      "dependencies": {
        "@types/node": "*"
      }
    },
    "node_modules/clsx": {
      "version": "2.1.1",
      "license": "MIT",
      "peer": true,
      "engines": {
        "node": ">=6"
      }
    },
    "node_modules/esbuild": {
      "version": "0.21.5",
      "dev": true,
      "hasInstallScript": true,
      "license": "MIT",
      "bin": {
        "esbuild": "bin/esbuild"
      },
      "engines": {
        "node": ">=12"
      },
      "optionalDependencies": {
        "@esbuild/aix-ppc64": "0.21.5",
        "@esbuild/android-arm": "0.21.5",
        "@esbuild/android-arm64": "0.21.5",
        "@esbuild/android-x64": "0.21.5",
        "@esbuild/darwin-arm64": "0.21.5",
        "@esbuild/darwin-x64": "0.21.5",
        "@esbuild/freebsd-arm64": "0.21.5",
        "@esbuild/freebsd-x64": "0.21.5",
        "@esbuild/linux-arm": "0.21.5",
        "@esbuild/linux-arm64": "0.21.5",
        "@esbuild/linux-ia32": "0.21.5",
        "@esbuild/linux-loong64": "0.21.5",
        "@esbuild/linux-mips64el": "0.21.5",
        "@esbuild/linux-ppc64": "0.21.5",
        "@esbuild/linux-riscv64": "0.21.5",
        "@esbuild/linux-s390x": "0.21.5",
        "@esbuild/linux-x64": "0.21.5",
        "@esbuild/netbsd-x64": "0.21.5",
        "@esbuild/openbsd-x64": "0.21.5",
        "@esbuild/sunos-x64": "0.21.5",
        "@esbuild/win32-arm64": "0.21.5",
        "@esbuild/win32-ia32": "0.21.5",
        "@esbuild/win32-x64": "0.21.5"
      }
    },
    "node_modules/fast-redact": {
      "version": "3.5.0",
      "license": "MIT",
      "engines": {
        "node": ">=6"
      }
    },
    "node_modules/fsevents": {
      "version": "2.3.3",
      "dev": true,
      "license": "MIT",
      "optional": true,
      "os": [
        "darwin"
      ],
      "engines": {
        "node": "^8.16.0 || ^10.6.0 || >=11.0.0"
      }
    },
    "node_modules/nanoid": {
      "version": "3.3.11",
      "dev": true,
      "funding": [
        {
          "type": "github",
          "url": "https://github.com/sponsors/ai"
        }
      ],
      "license": "MIT",
      "bin": {
        "nanoid": "bin/nanoid.cjs"
      },
      "engines": {
        "node": "^10 || ^12 || ^13.7 || ^14 || >=15.0.1"
      }
    },
    "node_modules/on-exit-leak-free": {
      "version": "2.1.2",
      "license": "MIT",
      "engines": {
        "node": ">=14.0.0"
      }
    },
    "node_modules/picocolors": {
      "version": "1.1.1",
      "dev": true,
      "license": "ISC"
    },
    "node_modules/pino": {
      "version": "9.6.0",
      "license": "MIT",
      "dependencies": {
        "atomic-sleep": "^1.0.0",
        "fast-redact": "^3.1.1",
        "on-exit-leak-free": "^2.1.0",
        "pino-abstract-transport": "^2.0.0",
        "pino-std-serializers": "^7.0.0",
        "process-warning": "^4.0.0",
        "quick-format-unescaped": "^4.0.3",
        "real-require": "^0.2.0",
        "safe-stable-stringify": "^2.3.1",
        "sonic-boom": "^4.0.1",
        "thread-stream": "^3.0.0"
      },
      "bin": {
        "pino": "bin.js"
      }
    },
    "node_modules/pino-abstract-transport": {
      "version": "2.0.0",
      "license": "MIT",
      "dependencies": {
        "split2": "^4.0.0"
      }
    },
    "node_modules/pino-std-serializers": {
      "version": "7.0.0",
      "license": "MIT"
    },
    "node_modules/postcss": {
      "version": "8.5.6",
      "dev": true,
      "funding": [
        {
          "type": "opencollective",
          "url": "https://opencollective.com/postcss/"
        },
        {
          "type": "tidelift",
          "url": "https://tidelift.com/funding/github/npm/postcss"
        },
        {
          "type": "github",
          "url": "https://github.com/sponsors/ai"
        }
      ],
      "license": "MIT",
      "dependencies": {
        "nanoid": "^3.3.11",
        "picocolors": "^1.1.1",
        "source-map-js": "^1.2.1"
      },
      "engines": {
        "node": "^10 || ^12 || >=14"
      }
    },
    "node_modules/process-warning": {
      "version": "4.0.1",
      "funding": [
        {
          "type": "github",
          "url": "https://github.com/sponsors/fastify"
        },
        {
          "type": "opencollective",
          "url": "https://opencollective.com/fastify"
        }
      ],
      "license": "MIT"
    },
    "node_modules/pure-uuid": {
      "version": "1.8.1",
      "license": "MIT",
      "engines": {
        "node": ">=8.0.0"
      }
    },
    "node_modules/quick-format-unescaped": {
      "version": "4.0.4",
      "license": "MIT"
    },
    "node_modules/react": {
      "version": "19.1.0",
      "license": "MIT",
      "peer": true,
      "engines": {
        "node": ">=0.10.0"
      }
    },
    "node_modules/react-dom": {
      "version": "19.1.0",
      "license": "MIT",
      "peer": true,
      "dependencies": {
        "scheduler": "^0.26.0"
      },
      "peerDependencies": {
        "react": "^19.1.0"
      }
    },
    "node_modules/react-jsx-runtime": {
      "version": "1.0.0-alpha.1",
      "dev": true
    },
    "node_modules/real-require": {
      "version": "0.2.0",
      "license": "MIT",
      "engines": {
        "node": ">= 12.13.0"
      }
    },
    "node_modules/reference-data-duckdb": {
      "resolved": "packages/reference-data-duckdb",
      "link": true
    },
    "node_modules/rollup": {
      "version": "4.44.2",
      "dev": true,
      "license": "MIT",
      "dependencies": {
        "@types/estree": "1.0.8"
      },
      "bin": {
        "rollup": "dist/bin/rollup"
      },
      "engines": {
        "node": ">=18.0.0",
        "npm": ">=8.0.0"
      },
      "optionalDependencies": {
        "@rollup/rollup-android-arm-eabi": "4.44.2",
        "@rollup/rollup-android-arm64": "4.44.2",
        "@rollup/rollup-darwin-arm64": "4.44.2",
        "@rollup/rollup-darwin-x64": "4.44.2",
        "@rollup/rollup-freebsd-arm64": "4.44.2",
        "@rollup/rollup-freebsd-x64": "4.44.2",
        "@rollup/rollup-linux-arm-gnueabihf": "4.44.2",
        "@rollup/rollup-linux-arm-musleabihf": "4.44.2",
        "@rollup/rollup-linux-arm64-gnu": "4.44.2",
        "@rollup/rollup-linux-arm64-musl": "4.44.2",
        "@rollup/rollup-linux-loongarch64-gnu": "4.44.2",
        "@rollup/rollup-linux-powerpc64le-gnu": "4.44.2",
        "@rollup/rollup-linux-riscv64-gnu": "4.44.2",
        "@rollup/rollup-linux-riscv64-musl": "4.44.2",
        "@rollup/rollup-linux-s390x-gnu": "4.44.2",
        "@rollup/rollup-linux-x64-gnu": "4.44.2",
        "@rollup/rollup-linux-x64-musl": "4.44.2",
        "@rollup/rollup-win32-arm64-msvc": "4.44.2",
        "@rollup/rollup-win32-ia32-msvc": "4.44.2",
        "@rollup/rollup-win32-x64-msvc": "4.44.2",
        "fsevents": "~2.3.2"
      }
    },
    "node_modules/safe-stable-stringify": {
      "version": "2.5.0",
      "license": "MIT",
      "engines": {
        "node": ">=10"
      }
    },
    "node_modules/scheduler": {
      "version": "0.26.0",
      "license": "MIT",
      "peer": true
    },
    "node_modules/sonic-boom": {
      "version": "4.2.0",
      "license": "MIT",
      "dependencies": {
        "atomic-sleep": "^1.0.0"
      }
    },
    "node_modules/source-map-js": {
      "version": "1.2.1",
      "dev": true,
      "license": "BSD-3-Clause",
      "engines": {
        "node": ">=0.10.0"
      }
    },
    "node_modules/split2": {
      "version": "4.2.0",
      "license": "ISC",
      "engines": {
        "node": ">= 10.x"
      }
    },
    "node_modules/thread-stream": {
      "version": "3.1.0",
      "license": "MIT",
      "dependencies": {
        "real-require": "^0.2.0"
      }
    },
    "node_modules/tslib": {
      "version": "2.8.1",
      "license": "0BSD",
      "peer": true
    },
    "node_modules/typescript": {
      "version": "5.8.3",
      "dev": true,
      "license": "Apache-2.0",
      "bin": {
        "tsc": "bin/tsc",
        "tsserver": "bin/tsserver"
      },
      "engines": {
        "node": ">=14.17"
      }
    },
    "node_modules/undici-types": {
      "version": "7.8.0",
      "dev": true,
      "license": "MIT"
    },
    "node_modules/vite": {
      "version": "5.4.19",
      "dev": true,
      "license": "MIT",
      "dependencies": {
        "esbuild": "^0.21.3",
        "postcss": "^8.4.43",
        "rollup": "^4.20.0"
      },
      "bin": {
        "vite": "bin/vite.js"
      },
      "engines": {
        "node": "^18.0.0 || >=20.0.0"
      },
      "funding": {
        "url": "https://github.com/vitejs/vite?sponsor=1"
      },
      "optionalDependencies": {
        "fsevents": "~2.3.3"
      },
      "peerDependencies": {
        "@types/node": "^18.0.0 || >=20.0.0",
        "less": "*",
        "lightningcss": "^1.21.0",
        "sass": "*",
        "sass-embedded": "*",
        "stylus": "*",
        "sugarss": "*",
        "terser": "^5.4.0"
      },
      "peerDependenciesMeta": {
        "@types/node": {
          "optional": true
        },
        "less": {
          "optional": true
        },
        "lightningcss": {
          "optional": true
        },
        "sass": {
          "optional": true
        },
        "sass-embedded": {
          "optional": true
        },
        "stylus": {
          "optional": true
        },
        "sugarss": {
          "optional": true
        },
        "terser": {
          "optional": true
        }
      }
    },
    "node_modules/web": {
      "resolved": "packages/web",
      "link": true
    },
    "packages/data": {
      "name": "@heswell/data",
      "version": "3.0.0",
      "license": "MIT",
      "dependencies": {
        "@vuu-ui/vuu-filter-parser": "0.13.45",
        "@vuu-ui/vuu-utils": "0.13.45"
      },
      "devDependencies": {
        "@vuu-ui/vuu-data-types": "0.13.45",
        "@vuu-ui/vuu-filter-types": "0.13.45",
        "@vuu-ui/vuu-protocol-types": "0.13.45",
        "react-jsx-runtime": "^1.0.0-alpha.1"
      }
    },
    "packages/orders-service": {
      "name": "@heswell/orders-service",
      "version": "1.0.0",
      "dependencies": {
        "@heswell/service-utils": "1.0.0",
        "pino": "9.6.0"
      },
      "devDependencies": {
        "@vuu-ui/vuu-data-types": "0.13.45"
      }
    },
    "packages/price-service": {
      "name": "@heswell/price-service",
      "version": "1.0.0"
    },
    "packages/reference-data-duckdb": {
      "version": "1.0.0",
      "dependencies": {
        "pino": "9.6.0"
      },
      "devDependencies": {
        "@duckdb/node-api": "^1.1.3-alpha.8"
      }
    },
    "packages/reference-data-service": {
      "name": "@heswell/reference-data-service",
      "version": "1.0.0",
      "dependencies": {
        "@heswell/service-utils": "1.0.0",
        "pino": "9.6.0"
      }
    },
    "packages/service-utils": {
      "name": "@heswell/service-utils",
      "version": "1.0.0",
      "dependencies": {
        "@heswell/data": "3.0.0",
        "pino": "9.6.0"
      },
      "devDependencies": {
        "@vuu-ui/vuu-data-types": "0.13.45"
      }
    },
    "packages/vuu-demo": {
      "name": "@heswell/vuu-demo",
      "version": "3.0.0",
      "license": "MIT",
      "dependencies": {
        "@heswell/data": "3.0.0",
        "@vuu-ui/vuu-utils": "0.13.45",
        "pino": "9.6.0"
      },
      "devDependencies": {
        "@vuu-ui/vuu-data-types": "0.13.45"
      }
    },
    "packages/vuu-server": {
      "name": "@heswell/vuu-server",
      "version": "3.0.0",
      "license": "MIT",
      "dependencies": {
        "@heswell/data": "3.0.0",
        "@vuu-ui/vuu-utils": "0.13.45",
        "pino": "9.6.0"
      },
      "devDependencies": {
        "@vuu-ui/vuu-data-types": "0.13.45"
      }
    },
    "packages/web": {
      "version": "0.0.0",
      "devDependencies": {
        "typescript": "^5.2.2",
        "vite": "^5.3.4"
      }
    }
  }
}
